
Microsoft Visual Studio Solution File, Format Version 12.00
# Visual Studio Version 17
VisualStudioVersion = 17.2.32516.85
MinimumVisualStudioVersion = 10.0.40219.1
Project("{FAE04EC0-301F-11D3-BF4B-00C04F79EFBC}") = "Inventory_Module", "Inventory_Module\Inventory_Module.csproj", "{941DDF7F-AE6D-4BAE-B40C-92623955C413}"
EndProject
Global
	GlobalSection(SolutionConfigurationPlatforms) = preSolution
		Debug|Any CPU = Debug|Any CPU
		Release|Any CPU = Release|Any CPU
	EndGlobalSection
	GlobalSection(ProjectConfigurationPlatforms) = postSolution
		{941DDF7F-AE6D-4BAE-B40C-92623955C413}.Debug|Any CPU.ActiveCfg = Debug|Any CPU
		{941DDF7F-AE6D-4BAE-B40C-92623955C413}.Debug|Any CPU.Build.0 = Debug|Any CPU
		{941DDF7F-AE6D-4BAE-B40C-92623955C413}.Release|Any CPU.ActiveCfg = Release|Any CPU
		{941DDF7F-AE6D-4BAE-B40C-92623955C413}.Release|Any CPU.Build.0 = Release|Any CPU
	EndGlobalSection
	GlobalSection(SolutionProperties) = preSolution
		HideSolutionNode = FALSE
	EndGlobalSection
	GlobalSection(ExtensibilityGlobals) = postSolution
		SolutionGuid = {F10AB38B-8FD9-4098-AF29-F13734C79B17}
	EndGlobalSection
EndGlobal
